{
  "name": "sample_project",
  "version": "1.0.0",
  "lockfileVersion": 1,
  "requires": true,
  "dependencies": {
    "sample-ts-plugin2": {
      "version": "0.0.5",
      "resolved": "https://registry.npmjs.org/sample-ts-plugin2/-/sample-ts-plugin2-0.0.5.tgz",
      "integrity": "sha512-qrPCsOjezP6GzpmPjrPOtIJeZWDKL/oGlW+MInn4a1BuBEJMrvbNwA/ZqtXwc9s1BMFL83m2Sn/5dV3+EdH6mg==",
      "dev": true
    }
  }
}
